// !$*UTF8*$!
{
	archiveVersion = 1;
	classes = {
	};
	objectVersion = 51;
	objects = {

/* Begin PBXBuildFile section */
		1681FB2355556E5ED896574B /* Pods_MyPlaces.framework in Frameworks */ = {isa = PBXBuildFile; fileRef = 13EA85FF8A77E7213CD322B0 /* Pods_MyPlaces.framework */; };
		9F3C08B125C1E89A004FC23C /* PlaceModel.swift in Sources */ = {isa = PBXBuildFile; fileRef = 9F3C08B025C1E89A004FC23C /* PlaceModel.swift */; };
		9F6F19E125C0ADF700507ACB /* CustomTableViewCell.swift in Sources */ = {isa = PBXBuildFile; fileRef = 9F6F19E025C0ADF700507ACB /* CustomTableViewCell.swift */; };
		9FA1D74525C06F45005473C6 /* AppDelegate.swift in Sources */ = {isa = PBXBuildFile; fileRef = 9FA1D74425C06F45005473C6 /* AppDelegate.swift */; };
		9FA1D74725C06F45005473C6 /* SceneDelegate.swift in Sources */ = {isa = PBXBuildFile; fileRef = 9FA1D74625C06F45005473C6 /* SceneDelegate.swift */; };
		9FA1D74C25C06F45005473C6 /* Main.storyboard in Resources */ = {isa = PBXBuildFile; fileRef = 9FA1D74A25C06F45005473C6 /* Main.storyboard */; };
		9FA1D74F25C06F45005473C6 /* MyPlaces.xcdatamodeld in Sources */ = {isa = PBXBuildFile; fileRef = 9FA1D74D25C06F45005473C6 /* MyPlaces.xcdatamodeld */; };
		9FA1D75125C06F46005473C6 /* Assets.xcassets in Resources */ = {isa = PBXBuildFile; fileRef = 9FA1D75025C06F46005473C6 /* Assets.xcassets */; };
		9FA1D75425C06F46005473C6 /* LaunchScreen.storyboard in Resources */ = {isa = PBXBuildFile; fileRef = 9FA1D75225C06F46005473C6 /* LaunchScreen.storyboard */; };
		9FA1D75E25C073F7005473C6 /* MainTableViewController.swift in Sources */ = {isa = PBXBuildFile; fileRef = 9FA1D75D25C073F7005473C6 /* MainTableViewController.swift */; };
		9FA4C8A625C3165100F5AF2C /* NewPlaceTableViewController.swift in Sources */ = {isa = PBXBuildFile; fileRef = 9FA4C8A525C3165100F5AF2C /* NewPlaceTableViewController.swift */; };
		9FD2A14325C491320077C302 /* StorageManager.swift in Sources */ = {isa = PBXBuildFile; fileRef = 9FD2A14225C491320077C302 /* StorageManager.swift */; };
/* End PBXBuildFile section */

/* Begin PBXFileReference section */
		13EA85FF8A77E7213CD322B0 /* Pods_MyPlaces.framework */ = {isa = PBXFileReference; explicitFileType = wrapper.framework; includeInIndex = 0; path = Pods_MyPlaces.framework; sourceTree = BUILT_PRODUCTS_DIR; };
		9F3C08B025C1E89A004FC23C /* PlaceModel.swift */ = {isa = PBXFileReference; lastKnownFileType = sourcecode.swift; path = PlaceModel.swift; sourceTree = "<group>"; };
		9F6F19E025C0ADF700507ACB /* CustomTableViewCell.swift */ = {isa = PBXFileReference; lastKnownFileType = sourcecode.swift; path = CustomTableViewCell.swift; sourceTree = "<group>"; };
		9FA1D74125C06F45005473C6 /* MyPlaces.app */ = {isa = PBXFileReference; explicitFileType = wrapper.application; includeInIndex = 0; path = MyPlaces.app; sourceTree = BUILT_PRODUCTS_DIR; };
		9FA1D74425C06F45005473C6 /* AppDelegate.swift */ = {isa = PBXFileReference; lastKnownFileType = sourcecode.swift; path = AppDelegate.swift; sourceTree = "<group>"; };
		9FA1D74625C06F45005473C6 /* SceneDelegate.swift */ = {isa = PBXFileReference; lastKnownFileType = sourcecode.swift; path = SceneDelegate.swift; sourceTree = "<group>"; };
		9FA1D74B25C06F45005473C6 /* Base */ = {isa = PBXFileReference; lastKnownFileType = file.storyboard; name = Base; path = Base.lproj/Main.storyboard; sourceTree = "<group>"; };
		9FA1D74E25C06F45005473C6 /* MyPlaces.xcdatamodel */ = {isa = PBXFileReference; lastKnownFileType = wrapper.xcdatamodel; path = MyPlaces.xcdatamodel; sourceTree = "<group>"; };
		9FA1D75025C06F46005473C6 /* Assets.xcassets */ = {isa = PBXFileReference; lastKnownFileType = folder.assetcatalog; path = Assets.xcassets; sourceTree = "<group>"; };
		9FA1D75325C06F46005473C6 /* Base */ = {isa = PBXFileReference; lastKnownFileType = file.storyboard; name = Base; path = Base.lproj/LaunchScreen.storyboard; sourceTree = "<group>"; };
		9FA1D75525C06F46005473C6 /* Info.plist */ = {isa = PBXFileReference; lastKnownFileType = text.plist.xml; path = Info.plist; sourceTree = "<group>"; };
		9FA1D75D25C073F7005473C6 /* MainTableViewController.swift */ = {isa = PBXFileReference; lastKnownFileType = sourcecode.swift; path = MainTableViewController.swift; sourceTree = "<group>"; };
		9FA4C8A525C3165100F5AF2C /* NewPlaceTableViewController.swift */ = {isa = PBXFileReference; lastKnownFileType = sourcecode.swift; path = NewPlaceTableViewController.swift; sourceTree = "<group>"; };
		9FD2A14225C491320077C302 /* StorageManager.swift */ = {isa = PBXFileReference; lastKnownFileType = sourcecode.swift; path = StorageManager.swift; sourceTree = "<group>"; };
		AE7A90BC9C922AC1D6A2A641 /* Pods-MyPlaces.debug.xcconfig */ = {isa = PBXFileReference; includeInIndex = 1; lastKnownFileType = text.xcconfig; name = "Pods-MyPlaces.debug.xcconfig"; path = "Target Support Files/Pods-MyPlaces/Pods-MyPlaces.debug.xcconfig"; sourceTree = "<group>"; };
		C8CCD8FA1F76AA63B09EB50C /* Pods-MyPlaces.release.xcconfig */ = {isa = PBXFileReference; includeInIndex = 1; lastKnownFileType = text.xcconfig; name = "Pods-MyPlaces.release.xcconfig"; path = "Target Support Files/Pods-MyPlaces/Pods-MyPlaces.release.xcconfig"; sourceTree = "<group>"; };
/* End PBXFileReference section */

/* Begin PBXFrameworksBuildPhase section */
		9FA1D73E25C06F45005473C6 /* Frameworks */ = {
			isa = PBXFrameworksBuildPhase;
			buildActionMask = 2147483647;
			files = (
				1681FB2355556E5ED896574B /* Pods_MyPlaces.framework in Frameworks */,
			);
			runOnlyForDeploymentPostprocessing = 0;
		};
/* End PBXFrameworksBuildPhase section */

/* Begin PBXGroup section */
		16CB2ACAF6F845BE153C891F /* Frameworks */ = {
			isa = PBXGroup;
			children = (
				13EA85FF8A77E7213CD322B0 /* Pods_MyPlaces.framework */,
			);
			name = Frameworks;
			sourceTree = "<group>";
		};
		1E94BFA3202EFEA55D154564 /* Pods */ = {
			isa = PBXGroup;
			children = (
				AE7A90BC9C922AC1D6A2A641 /* Pods-MyPlaces.debug.xcconfig */,
				C8CCD8FA1F76AA63B09EB50C /* Pods-MyPlaces.release.xcconfig */,
			);
			path = Pods;
			sourceTree = "<group>";
		};
		9FA1D73825C06F45005473C6 = {
			isa = PBXGroup;
			children = (
				9FA1D74325C06F45005473C6 /* MyPlaces */,
				9FA1D74225C06F45005473C6 /* Products */,
				1E94BFA3202EFEA55D154564 /* Pods */,
				16CB2ACAF6F845BE153C891F /* Frameworks */,
			);
			sourceTree = "<group>";
		};
		9FA1D74225C06F45005473C6 /* Products */ = {
			isa = PBXGroup;
			children = (
				9FA1D74125C06F45005473C6 /* MyPlaces.app */,
			);
			name = Products;
			sourceTree = "<group>";
		};
		9FA1D74325C06F45005473C6 /* MyPlaces */ = {
			isa = PBXGroup;
			children = (
				9FA1D74425C06F45005473C6 /* AppDelegate.swift */,
				9FA1D74625C06F45005473C6 /* SceneDelegate.swift */,
				9FA1D75D25C073F7005473C6 /* MainTableViewController.swift */,
				9FA4C8A525C3165100F5AF2C /* NewPlaceTableViewController.swift */,
				9F3C08B025C1E89A004FC23C /* PlaceModel.swift */,
				9FD2A14225C491320077C302 /* StorageManager.swift */,
				9F6F19E025C0ADF700507ACB /* CustomTableViewCell.swift */,
				9FA1D74A25C06F45005473C6 /* Main.storyboard */,
				9FA1D75025C06F46005473C6 /* Assets.xcassets */,
				9FA1D75225C06F46005473C6 /* LaunchScreen.storyboard */,
				9FA1D75525C06F46005473C6 /* Info.plist */,
				9FA1D74D25C06F45005473C6 /* MyPlaces.xcdatamodeld */,
			);
			path = MyPlaces;
			sourceTree = "<group>";
		};
/* End PBXGroup section */

/* Begin PBXNativeTarget section */
		9FA1D74025C06F45005473C6 /* MyPlaces */ = {
			isa = PBXNativeTarget;
			buildConfigurationList = 9FA1D75825C06F46005473C6 /* Build configuration list for PBXNativeTarget "MyPlaces" */;
			buildPhases = (
				92E176B5AEFF37CA328F4EBC /* [CP] Check Pods Manifest.lock */,
				9FA1D73D25C06F45005473C6 /* Sources */,
				9FA1D73E25C06F45005473C6 /* Frameworks */,
				9FA1D73F25C06F45005473C6 /* Resources */,
				5D24726257E4C62B538D24B5 /* [CP] Embed Pods Frameworks */,
			);
			buildRules = (
			);
			dependencies = (
			);
			name = MyPlaces;
			productName = MyPlaces;
			productReference = 9FA1D74125C06F45005473C6 /* MyPlaces.app */;
			productType = "com.apple.product-type.application";
		};
/* End PBXNativeTarget section */

/* Begin PBXProject section */
		9FA1D73925C06F45005473C6 /* Project object */ = {
			isa = PBXProject;
			attributes = {
				LastSwiftUpdateCheck = 1220;
				LastUpgradeCheck = 1220;
				TargetAttributes = {
					9FA1D74025C06F45005473C6 = {
						CreatedOnToolsVersion = 12.2;
					};
				};
			};
			buildConfigurationList = 9FA1D73C25C06F45005473C6 /* Build configuration list for PBXProject "MyPlaces" */;
			compatibilityVersion = "Xcode 9.3";
			developmentRegion = en;
			hasScannedForEncodings = 0;
			knownRegions = (
				en,
				Base,
			);
			mainGroup = 9FA1D73825C06F45005473C6;
			productRefGroup = 9FA1D74225C06F45005473C6 /* Products */;
			projectDirPath = "";
			projectRoot = "";
			targets = (
				9FA1D74025C06F45005473C6 /* MyPlaces */,
			);
		};
/* End PBXProject section */

/* Begin PBXResourcesBuildPhase section */
		9FA1D73F25C06F45005473C6 /* Resources */ = {
			isa = PBXResourcesBuildPhase;
			buildActionMask = 2147483647;
			files = (
				9FA1D75425C06F46005473C6 /* LaunchScreen.storyboard in Resources */,
				9FA1D75125C06F46005473C6 /* Assets.xcassets in Resources */,
				9FA1D74C25C06F45005473C6 /* Main.storyboard in Resources */,
			);
			runOnlyForDeploymentPostprocessing = 0;
		};
/* End PBXResourcesBuildPhase section */

/* Begin PBXShellScriptBuildPhase section */
		5D24726257E4C62B538D24B5 /* [CP] Embed Pods Frameworks */ = {
			isa = PBXShellScriptBuildPhase;
			buildActionMask = 2147483647;
			files = (
			);
			inputFileListPaths = (
				"${PODS_ROOT}/Target Support Files/Pods-MyPlaces/Pods-MyPlaces-frameworks-${CONFIGURATION}-input-files.xcfilelist",
			);
			name = "[CP] Embed Pods Frameworks";
			outputFileListPaths = (
				"${PODS_ROOT}/Target Support Files/Pods-MyPlaces/Pods-MyPlaces-frameworks-${CONFIGURATION}-output-files.xcfilelist",
			);
			runOnlyForDeploymentPostprocessing = 0;
			shellPath = /bin/sh;
			shellScript = "\"${PODS_ROOT}/Target Support Files/Pods-MyPlaces/Pods-MyPlaces-frameworks.sh\"\n";
			showEnvVarsInLog = 0;
		};
		92E176B5AEFF37CA328F4EBC /* [CP] Check Pods Manifest.lock */ = {
			isa = PBXShellScriptBuildPhase;
			buildActionMask = 2147483647;
			files = (
			);
			inputFileListPaths = (
			);
			inputPaths = (
				"${PODS_PODFILE_DIR_PATH}/Podfile.lock",
				"${PODS_ROOT}/Manifest.lock",
			);
			name = "[CP] Check Pods Manifest.lock";
			outputFileListPaths = (
			);
			outputPaths = (
				"$(DERIVED_FILE_DIR)/Pods-MyPlaces-checkManifestLockResult.txt",
			);
			runOnlyForDeploymentPostprocessing = 0;
			shellPath = /bin/sh;
			shellScript = "diff \"${PODS_PODFILE_DIR_PATH}/Podfile.lock\" \"${PODS_ROOT}/Manifest.lock\" > /dev/null\nif [ $? != 0 ] ; then\n    # print error to STDERR\n    echo \"error: The sandbox is not in sync with the Podfile.lock. Run 'pod install' or update your CocoaPods installation.\" >&2\n    exit 1\nfi\n# This output is used by Xcode 'outputs' to avoid re-running this script phase.\necho \"SUCCESS\" > \"${SCRIPT_OUTPUT_FILE_0}\"\n";
			showEnvVarsInLog = 0;
		};
/* End PBXShellScriptBuildPhase section */

/* Begin PBXSourcesBuildPhase section */
		9FA1D73D25C06F45005473C6 /* Sources */ = {
			isa = PBXSourcesBuildPhase;
			buildActionMask = 2147483647;
			files = (
				9FA1D75E25C073F7005473C6 /* MainTableViewController.swift in Sources */,
				9F3C08B125C1E89A004FC23C /* PlaceModel.swift in Sources */,
				9F6F19E125C0ADF700507ACB /* CustomTableViewCell.swift in Sources */,
				9FA1D74525C06F45005473C6 /* AppDelegate.swift in Sources */,
				9FA1D74725C06F45005473C6 /* SceneDelegate.swift in Sources */,
				9FA1D74F25C06F45005473C6 /* MyPlaces.xcdatamodeld in Sources */,
				9FA4C8A625C3165100F5AF2C /* NewPlaceTableViewController.swift in Sources */,
				9FD2A14325C491320077C302 /* StorageManager.swift in Sources */,
			);
			runOnlyForDeploymentPostprocessing = 0;
		};
/* End PBXSourcesBuildPhase section */

/* Begin PBXVariantGroup section */
		9FA1D74A25C06F45005473C6 /* Main.storyboard */ = {
			isa = PBXVariantGroup;
			children = (
				9FA1D74B25C06F45005473C6 /* Base */,
			);
			name = Main.storyboard;
			sourceTree = "<group>";
		};
		9FA1D75225C06F46005473C6 /* LaunchScreen.storyboard */ = {
			isa = PBXVariantGroup;
			children = (
				9FA1D75325C06F46005473C6 /* Base */,
			);
			name = LaunchScreen.storyboard;
			sourceTree = "<group>";
		};
/* End PBXVariantGroup section */

/* Begin XCBuildConfiguration section */
		9FA1D75625C06F46005473C6 /* Debug */ = {
			isa = XCBuildConfiguration;
			buildSettings = {
				ALWAYS_SEARCH_USER_PATHS = NO;
				CLANG_ANALYZER_NONNULL = YES;
				CLANG_ANALYZER_NUMBER_OBJECT_CONVERSION = YES_AGGRESSIVE;
				CLANG_CXX_LANGUAGE_STANDARD = "gnu++14";
				CLANG_CXX_LIBRARY = "libc++";
				CLANG_ENABLE_MODULES = YES;
				CLANG_ENABLE_OBJC_ARC = YES;
				CLANG_ENABLE_OBJC_WEAK = YES;
				CLANG_WARN_BLOCK_CAPTURE_AUTORELEASING = YES;
				CLANG_WARN_BOOL_CONVERSION = YES;
				CLANG_WARN_COMMA = YES;
				CLANG_WARN_CONSTANT_CONVERSION = YES;
				CLANG_WARN_DEPRECATED_OBJC_IMPLEMENTATIONS = YES;
				CLANG_WARN_DIRECT_OBJC_ISA_USAGE = YES_ERROR;
				CLANG_WARN_DOCUMENTATION_COMMENTS = YES;
				CLANG_WARN_EMPTY_BODY = YES;
				CLANG_WARN_ENUM_CONVERSION = YES;
				CLANG_WARN_INFINITE_RECURSION = YES;
				CLANG_WARN_INT_CONVERSION = YES;
				CLANG_WARN_NON_LITERAL_NULL_CONVERSION = YES;
				CLANG_WARN_OBJC_IMPLICIT_RETAIN_SELF = YES;
				CLANG_WARN_OBJC_LITERAL_CONVERSION = YES;
				CLANG_WARN_OBJC_ROOT_CLASS = YES_ERROR;
				CLANG_WARN_QUOTED_INCLUDE_IN_FRAMEWORK_HEADER = YES;
				CLANG_WARN_RANGE_LOOP_ANALYSIS = YES;
				CLANG_WARN_STRICT_PROTOTYPES = YES;
				CLANG_WARN_SUSPICIOUS_MOVE = YES;
				CLANG_WARN_UNGUARDED_AVAILABILITY = YES_AGGRESSIVE;
				CLANG_WARN_UNREACHABLE_CODE = YES;
				CLANG_WARN__DUPLICATE_METHOD_MATCH = YES;
				COPY_PHASE_STRIP = NO;
				DEBUG_INFORMATION_FORMAT = dwarf;
				ENABLE_STRICT_OBJC_MSGSEND = YES;
				ENABLE_TESTABILITY = YES;
				GCC_C_LANGUAGE_STANDARD = gnu11;
				GCC_DYNAMIC_NO_PIC = NO;
				GCC_NO_COMMON_BLOCKS = YES;
				GCC_OPTIMIZATION_LEVEL = 0;
				GCC_PREPROCESSOR_DEFINITIONS = (
					"DEBUG=1",
					"$(inherited)",
				);
				GCC_WARN_64_TO_32_BIT_CONVERSION = YES;
				GCC_WARN_ABOUT_RETURN_TYPE = YES_ERROR;
				GCC_WARN_UNDECLARED_SELECTOR = YES;
				GCC_WARN_UNINITIALIZED_AUTOS = YES_AGGRESSIVE;
				GCC_WARN_UNUSED_FUNCTION = YES;
				GCC_WARN_UNUSED_VARIABLE = YES;
				IPHONEOS_DEPLOYMENT_TARGET = 14.2;
				MTL_ENABLE_DEBUG_INFO = INCLUDE_SOURCE;
				MTL_FAST_MATH = YES;
				ONLY_ACTIVE_ARCH = YES;
				SDKROOT = iphoneos;
				SWIFT_ACTIVE_COMPILATION_CONDITIONS = DEBUG;
				SWIFT_OPTIMIZATION_LEVEL = "-Onone";
			};
			name = Debug;
		};
		9FA1D75725C06F46005473C6 /* Release */ = {
			isa = XCBuildConfiguration;
			buildSettings = {
				ALWAYS_SEARCH_USER_PATHS = NO;
				CLANG_ANALYZER_NONNULL = YES;
				CLANG_ANALYZER_NUMBER_OBJECT_CONVERSION = YES_AGGRESSIVE;
				CLANG_CXX_LANGUAGE_STANDARD = "gnu++14";
				CLANG_CXX_LIBRARY = "libc++";
				CLANG_ENABLE_MODULES = YES;
				CLANG_ENABLE_OBJC_ARC = YES;
				CLANG_ENABLE_OBJC_WEAK = YES;
				CLANG_WARN_BLOCK_CAPTURE_AUTORELEASING = YES;
				CLANG_WARN_BOOL_CONVERSION = YES;
				CLANG_WARN_COMMA = YES;
				CLANG_WARN_CONSTANT_CONVERSION = YES;
				CLANG_WARN_DEPRECATED_OBJC_IMPLEMENTATIONS = YES;
				CLANG_WARN_DIRECT_OBJC_ISA_USAGE = YES_ERROR;
				CLANG_WARN_DOCUMENTATION_COMMENTS = YES;
				CLANG_WARN_EMPTY_BODY = YES;
				CLANG_WARN_ENUM_CONVERSION = YES;
				CLANG_WARN_INFINITE_RECURSION = YES;
				CLANG_WARN_INT_CONVERSION = YES;
				CLANG_WARN_NON_LITERAL_NULL_CONVERSION = YES;
				CLANG_WARN_OBJC_IMPLICIT_RETAIN_SELF = YES;
				CLANG_WARN_OBJC_LITERAL_CONVERSION = YES;
				CLANG_WARN_OBJC_ROOT_CLASS = YES_ERROR;
				CLANG_WARN_QUOTED_INCLUDE_IN_FRAMEWORK_HEADER = YES;
				CLANG_WARN_RANGE_LOOP_ANALYSIS = YES;
				CLANG_WARN_STRICT_PROTOTYPES = YES;
				CLANG_WARN_SUSPICIOUS_MOVE = YES;
				CLANG_WARN_UNGUARDED_AVAILABILITY = YES_AGGRESSIVE;
				CLANG_WARN_UNREACHABLE_CODE = YES;
				CLANG_WARN__DUPLICATE_METHOD_MATCH = YES;
				COPY_PHASE_STRIP = NO;
				DEBUG_INFORMATION_FORMAT = "dwarf-with-dsym";
				ENABLE_NS_ASSERTIONS = NO;
				ENABLE_STRICT_OBJC_MSGSEND = YES;
				GCC_C_LANGUAGE_STANDARD = gnu11;
				GCC_NO_COMMON_BLOCKS = YES;
				GCC_WARN_64_TO_32_BIT_CONVERSION = YES;
				GCC_WARN_ABOUT_RETURN_TYPE = YES_ERROR;
				GCC_WARN_UNDECLARED_SELECTOR = YES;
				GCC_WARN_UNINITIALIZED_AUTOS = YES_AGGRESSIVE;
				GCC_WARN_UNUSED_FUNCTION = YES;
				GCC_WARN_UNUSED_VARIABLE = YES;
				IPHONEOS_DEPLOYMENT_TARGET = 14.2;
				MTL_ENABLE_DEBUG_INFO = NO;
				MTL_FAST_MATH = YES;
				SDKROOT = iphoneos;
				SWIFT_COMPILATION_MODE = wholemodule;
				SWIFT_OPTIMIZATION_LEVEL = "-O";
				VALIDATE_PRODUCT = YES;
			};
			name = Release;
		};
		9FA1D75925C06F46005473C6 /* Debug */ = {
			isa = XCBuildConfiguration;
			baseConfigurationReference = AE7A90BC9C922AC1D6A2A641 /* Pods-MyPlaces.debug.xcconfig */;
			buildSettings = {
				ASSETCATALOG_COMPILER_APPICON_NAME = AppIcon;
				ASSETCATALOG_COMPILER_GLOBAL_ACCENT_COLOR_NAME = AccentColor;
				CODE_SIGN_STYLE = Automatic;
				DEVELOPMENT_TEAM = Y2677GKBJN;
				INFOPLIST_FILE = MyPlaces/Info.plist;
				LD_RUNPATH_SEARCH_PATHS = (
					"$(inherited)",
					"@executable_path/Frameworks",
				);
				PRODUCT_BUNDLE_IDENTIFIER = None.MyPlaces;
				PRODUCT_NAME = "$(TARGET_NAME)";
				SWIFT_VERSION = 5.0;
				TARGETED_DEVICE_FAMILY = "1,2";
			};
			name = Debug;
		};
		9FA1D75A25C06F46005473C6 /* Release */ = {
			isa = XCBuildConfiguration;
			baseConfigurationReference = C8CCD8FA1F76AA63B09EB50C /* Pods-MyPlaces.release.xcconfig */;
			buildSettings = {
				ASSETCATALOG_COMPILER_APPICON_NAME = AppIcon;
				ASSETCATALOG_COMPILER_GLOBAL_ACCENT_COLOR_NAME = AccentColor;
				CODE_SIGN_STYLE = Automatic;
				DEVELOPMENT_TEAM = Y2677GKBJN;
				INFOPLIST_FILE = MyPlaces/Info.plist;
				LD_RUNPATH_SEARCH_PATHS = (
					"$(inherited)",
					"@executable_path/Frameworks",
				);
				PRODUCT_BUNDLE_IDENTIFIER = None.MyPlaces;
				PRODUCT_NAME = "$(TARGET_NAME)";
				SWIFT_VERSION = 5.0;
				TARGETED_DEVICE_FAMILY = "1,2";
			};
			name = Release;
		};
/* End XCBuildConfiguration section */

/* Begin XCConfigurationList section */
		9FA1D73C25C06F45005473C6 /* Build configuration list for PBXProject "MyPlaces" */ = {
			isa = XCConfigurationList;
			buildConfigurations = (
				9FA1D75625C06F46005473C6 /* Debug */,
				9FA1D75725C06F46005473C6 /* Release */,
			);
			defaultConfigurationIsVisible = 0;
			defaultConfigurationName = Release;
		};
		9FA1D75825C06F46005473C6 /* Build configuration list for PBXNativeTarget "MyPlaces" */ = {
			isa = XCConfigurationList;
			buildConfigurations = (
				9FA1D75925C06F46005473C6 /* Debug */,
				9FA1D75A25C06F46005473C6 /* Release */,
			);
			defaultConfigurationIsVisible = 0;
			defaultConfigurationName = Release;
		};
/* End XCConfigurationList section */

/* Begin XCVersionGroup section */
		9FA1D74D25C06F45005473C6 /* MyPlaces.xcdatamodeld */ = {
			isa = XCVersionGroup;
			children = (
				9FA1D74E25C06F45005473C6 /* MyPlaces.xcdatamodel */,
			);
			currentVersion = 9FA1D74E25C06F45005473C6 /* MyPlaces.xcdatamodel */;
			path = MyPlaces.xcdatamodeld;
			sourceTree = "<group>";
			versionGroupType = wrapper.xcdatamodel;
		};
/* End XCVersionGroup section */
	};
	rootObject = 9FA1D73925C06F45005473C6 /* Project object */;
}
